// !$*UTF8*$!
{
	archiveVersion = 1;
	classes = {
	};
	objectVersion = 46;
	objects = {

/* Begin PBXBuildFile section */
		8CC34B131EB3CEE600C4A78B /* AppDelegate.swift in Sources */ = {isa = PBXBuildFile; fileRef = 8CC34B121EB3CEE600C4A78B /* AppDelegate.swift */; };
		8CC34B151EB3CEE600C4A78B /* SearchVC.swift in Sources */ = {isa = PBXBuildFile; fileRef = 8CC34B141EB3CEE600C4A78B /* SearchVC.swift */; };
		8CC34B181EB3CEE600C4A78B /* Main.storyboard in Resources */ = {isa = PBXBuildFile; fileRef = 8CC34B161EB3CEE600C4A78B /* Main.storyboard */; };
		8CC34B1A1EB3CEE600C4A78B /* Assets.xcassets in Resources */ = {isa = PBXBuildFile; fileRef = 8CC34B191EB3CEE600C4A78B /* Assets.xcassets */; };
		8CC34B1D1EB3CEE600C4A78B /* LaunchScreen.storyboard in Resources */ = {isa = PBXBuildFile; fileRef = 8CC34B1B1EB3CEE600C4A78B /* LaunchScreen.storyboard */; };
		8CC34B291EB3D8D600C4A78B /* MovieCell.swift in Sources */ = {isa = PBXBuildFile; fileRef = 8CC34B281EB3D8D600C4A78B /* MovieCell.swift */; };
		8CC34B2B1EB3D93800C4A78B /* Movie.swift in Sources */ = {isa = PBXBuildFile; fileRef = 8CC34B2A1EB3D93800C4A78B /* Movie.swift */; };
		8CC34B2D1EB3F38400C4A78B /* MovieDetailVC.swift in Sources */ = {isa = PBXBuildFile; fileRef = 8CC34B2C1EB3F38400C4A78B /* MovieDetailVC.swift */; };
		8CC5E3201EB530B00073E5F1 /* MovieDetail.swift in Sources */ = {isa = PBXBuildFile; fileRef = 8CC5E31F1EB530B00073E5F1 /* MovieDetail.swift */; };
		CD03764BB8839F2521088832 /* Pods_MovieApp.framework in Frameworks */ = {isa = PBXBuildFile; fileRef = 05ECAFE15732E9BD5D727BA1 /* Pods_MovieApp.framework */; };
/* End PBXBuildFile section */

/* Begin PBXFileReference section */
		05ECAFE15732E9BD5D727BA1 /* Pods_MovieApp.framework */ = {isa = PBXFileReference; explicitFileType = wrapper.framework; includeInIndex = 0; path = Pods_MovieApp.framework; sourceTree = BUILT_PRODUCTS_DIR; };
		222296CA94B9F43656B672DD /* Pods-MovieApp.release.xcconfig */ = {isa = PBXFileReference; includeInIndex = 1; lastKnownFileType = text.xcconfig; name = "Pods-MovieApp.release.xcconfig"; path = "Pods/Target Support Files/Pods-MovieApp/Pods-MovieApp.release.xcconfig"; sourceTree = "<group>"; };
		8CC34B0F1EB3CEE600C4A78B /* MovieApp.app */ = {isa = PBXFileReference; explicitFileType = wrapper.application; includeInIndex = 0; path = MovieApp.app; sourceTree = BUILT_PRODUCTS_DIR; };
		8CC34B121EB3CEE600C4A78B /* AppDelegate.swift */ = {isa = PBXFileReference; lastKnownFileType = sourcecode.swift; path = AppDelegate.swift; sourceTree = "<group>"; };
		8CC34B141EB3CEE600C4A78B /* SearchVC.swift */ = {isa = PBXFileReference; lastKnownFileType = sourcecode.swift; path = SearchVC.swift; sourceTree = "<group>"; };
		8CC34B171EB3CEE600C4A78B /* Base */ = {isa = PBXFileReference; lastKnownFileType = file.storyboard; name = Base; path = Base.lproj/Main.storyboard; sourceTree = "<group>"; };
		8CC34B191EB3CEE600C4A78B /* Assets.xcassets */ = {isa = PBXFileReference; lastKnownFileType = folder.assetcatalog; path = Assets.xcassets; sourceTree = "<group>"; };
		8CC34B1C1EB3CEE600C4A78B /* Base */ = {isa = PBXFileReference; lastKnownFileType = file.storyboard; name = Base; path = Base.lproj/LaunchScreen.storyboard; sourceTree = "<group>"; };
		8CC34B1E1EB3CEE600C4A78B /* Info.plist */ = {isa = PBXFileReference; lastKnownFileType = text.plist.xml; path = Info.plist; sourceTree = "<group>"; };
		8CC34B281EB3D8D600C4A78B /* MovieCell.swift */ = {isa = PBXFileReference; fileEncoding = 4; lastKnownFileType = sourcecode.swift; path = MovieCell.swift; sourceTree = "<group>"; };
		8CC34B2A1EB3D93800C4A78B /* Movie.swift */ = {isa = PBXFileReference; fileEncoding = 4; lastKnownFileType = sourcecode.swift; path = Movie.swift; sourceTree = "<group>"; };
		8CC34B2C1EB3F38400C4A78B /* MovieDetailVC.swift */ = {isa = PBXFileReference; fileEncoding = 4; lastKnownFileType = sourcecode.swift; path = MovieDetailVC.swift; sourceTree = "<group>"; };
		8CC5E31F1EB530B00073E5F1 /* MovieDetail.swift */ = {isa = PBXFileReference; fileEncoding = 4; lastKnownFileType = sourcecode.swift; path = MovieDetail.swift; sourceTree = "<group>"; };
		DB31B5E2117A951D817A6E46 /* Pods-MovieApp.debug.xcconfig */ = {isa = PBXFileReference; includeInIndex = 1; lastKnownFileType = text.xcconfig; name = "Pods-MovieApp.debug.xcconfig"; path = "Pods/Target Support Files/Pods-MovieApp/Pods-MovieApp.debug.xcconfig"; sourceTree = "<group>"; };
/* End PBXFileReference section */

/* Begin PBXFrameworksBuildPhase section */
		8CC34B0C1EB3CEE600C4A78B /* Frameworks */ = {
			isa = PBXFrameworksBuildPhase;
			buildActionMask = 2147483647;
			files = (
				CD03764BB8839F2521088832 /* Pods_MovieApp.framework in Frameworks */,
			);
			runOnlyForDeploymentPostprocessing = 0;
		};
/* End PBXFrameworksBuildPhase section */

/* Begin PBXGroup section */
		7AFE1553AC30EBF408052E2A /* Frameworks */ = {
			isa = PBXGroup;
			children = (
				05ECAFE15732E9BD5D727BA1 /* Pods_MovieApp.framework */,
			);
			name = Frameworks;
			sourceTree = "<group>";
		};
		8CC34B061EB3CEE600C4A78B = {
			isa = PBXGroup;
			children = (
				8CC34B111EB3CEE600C4A78B /* MovieApp */,
				8CC34B101EB3CEE600C4A78B /* Products */,
				BA4397FB80E7CC051E592452 /* Pods */,
				7AFE1553AC30EBF408052E2A /* Frameworks */,
			);
			sourceTree = "<group>";
		};
		8CC34B101EB3CEE600C4A78B /* Products */ = {
			isa = PBXGroup;
			children = (
				8CC34B0F1EB3CEE600C4A78B /* MovieApp.app */,
			);
			name = Products;
			sourceTree = "<group>";
		};
		8CC34B111EB3CEE600C4A78B /* MovieApp */ = {
			isa = PBXGroup;
			children = (
				8CC34B251EB3CEF600C4A78B /* Model */,
				8CC34B241EB3CEED00C4A78B /* View */,
				8CC34B261EB3CF0100C4A78B /* Controller */,
				8CC34B2E1EB5085900C4A78B /* Resources */,
				8CC34B1B1EB3CEE600C4A78B /* LaunchScreen.storyboard */,
			);
			path = MovieApp;
			sourceTree = "<group>";
		};
		8CC34B241EB3CEED00C4A78B /* View */ = {
			isa = PBXGroup;
			children = (
				8CC34B161EB3CEE600C4A78B /* Main.storyboard */,
				8CC34B281EB3D8D600C4A78B /* MovieCell.swift */,
				8CC5E31F1EB530B00073E5F1 /* MovieDetail.swift */,
			);
			name = View;
			sourceTree = "<group>";
		};
		8CC34B251EB3CEF600C4A78B /* Model */ = {
			isa = PBXGroup;
			children = (
				8CC34B2A1EB3D93800C4A78B /* Movie.swift */,
			);
			name = Model;
			sourceTree = "<group>";
		};
		8CC34B261EB3CF0100C4A78B /* Controller */ = {
			isa = PBXGroup;
			children = (
				8CC34B121EB3CEE600C4A78B /* AppDelegate.swift */,
				8CC34B141EB3CEE600C4A78B /* SearchVC.swift */,
				8CC34B2C1EB3F38400C4A78B /* MovieDetailVC.swift */,
			);
			name = Controller;
			sourceTree = "<group>";
		};
		8CC34B2E1EB5085900C4A78B /* Resources */ = {
			isa = PBXGroup;
			children = (
				8CC34B191EB3CEE600C4A78B /* Assets.xcassets */,
				8CC34B1E1EB3CEE600C4A78B /* Info.plist */,
			);
			name = Resources;
			sourceTree = "<group>";
		};
		BA4397FB80E7CC051E592452 /* Pods */ = {
			isa = PBXGroup;
			children = (
				DB31B5E2117A951D817A6E46 /* Pods-MovieApp.debug.xcconfig */,
				222296CA94B9F43656B672DD /* Pods-MovieApp.release.xcconfig */,
			);
			name = Pods;
			sourceTree = "<group>";
		};
/* End PBXGroup section */

/* Begin PBXNativeTarget section */
		8CC34B0E1EB3CEE600C4A78B /* MovieApp */ = {
			isa = PBXNativeTarget;
			buildConfigurationList = 8CC34B211EB3CEE600C4A78B /* Build configuration list for PBXNativeTarget "MovieApp" */;
			buildPhases = (
				DC4F983D0717CACDC26B7937 /* [CP] Check Pods Manifest.lock */,
				8CC34B0B1EB3CEE600C4A78B /* Sources */,
				8CC34B0C1EB3CEE600C4A78B /* Frameworks */,
				8CC34B0D1EB3CEE600C4A78B /* Resources */,
				4A643DF08B917AEF7D3D2C54 /* [CP] Embed Pods Frameworks */,
				BAD9D704938CD3024DB4184F /* [CP] Copy Pods Resources */,
			);
			buildRules = (
			);
			dependencies = (
			);
			name = MovieApp;
			productName = MovieApp;
			productReference = 8CC34B0F1EB3CEE600C4A78B /* MovieApp.app */;
			productType = "com.apple.product-type.application";
		};
/* End PBXNativeTarget section */

/* Begin PBXProject section */
		8CC34B071EB3CEE600C4A78B /* Project object */ = {
			isa = PBXProject;
			attributes = {
				LastSwiftUpdateCheck = 0830;
				LastUpgradeCheck = 0830;
				ORGANIZATIONNAME = "Simon Zhen";
				TargetAttributes = {
					8CC34B0E1EB3CEE600C4A78B = {
						CreatedOnToolsVersion = 8.3;
						DevelopmentTeam = 94EUZPM3TC;
						ProvisioningStyle = Automatic;
					};
				};
			};
			buildConfigurationList = 8CC34B0A1EB3CEE600C4A78B /* Build configuration list for PBXProject "MovieApp" */;
			compatibilityVersion = "Xcode 3.2";
			developmentRegion = English;
			hasScannedForEncodings = 0;
			knownRegions = (
				en,
				Base,
			);
			mainGroup = 8CC34B061EB3CEE600C4A78B;
			productRefGroup = 8CC34B101EB3CEE600C4A78B /* Products */;
			projectDirPath = "";
			projectRoot = "";
			targets = (
				8CC34B0E1EB3CEE600C4A78B /* MovieApp */,
			);
		};
/* End PBXProject section */

/* Begin PBXResourcesBuildPhase section */
		8CC34B0D1EB3CEE600C4A78B /* Resources */ = {
			isa = PBXResourcesBuildPhase;
			buildActionMask = 2147483647;
			files = (
				8CC34B1D1EB3CEE600C4A78B /* LaunchScreen.storyboard in Resources */,
				8CC34B1A1EB3CEE600C4A78B /* Assets.xcassets in Resources */,
				8CC34B181EB3CEE600C4A78B /* Main.storyboard in Resources */,
			);
			runOnlyForDeploymentPostprocessing = 0;
		};
/* End PBXResourcesBuildPhase section */

/* Begin PBXShellScriptBuildPhase section */
		4A643DF08B917AEF7D3D2C54 /* [CP] Embed Pods Frameworks */ = {
			isa = PBXShellScriptBuildPhase;
			buildActionMask = 2147483647;
			files = (
			);
			inputPaths = (
			);
			name = "[CP] Embed Pods Frameworks";
			outputPaths = (
			);
			runOnlyForDeploymentPostprocessing = 0;
			shellPath = /bin/sh;
			shellScript = "\"${SRCROOT}/Pods/Target Support Files/Pods-MovieApp/Pods-MovieApp-frameworks.sh\"\n";
			showEnvVarsInLog = 0;
		};
		BAD9D704938CD3024DB4184F /* [CP] Copy Pods Resources */ = {
			isa = PBXShellScriptBuildPhase;
			buildActionMask = 2147483647;
			files = (
			);
			inputPaths = (
			);
			name = "[CP] Copy Pods Resources";
			outputPaths = (
			);
			runOnlyForDeploymentPostprocessing = 0;
			shellPath = /bin/sh;
			shellScript = "\"${SRCROOT}/Pods/Target Support Files/Pods-MovieApp/Pods-MovieApp-resources.sh\"\n";
			showEnvVarsInLog = 0;
		};
		DC4F983D0717CACDC26B7937 /* [CP] Check Pods Manifest.lock */ = {
			isa = PBXShellScriptBuildPhase;
			buildActionMask = 2147483647;
			files = (
			);
			inputPaths = (
			);
			name = "[CP] Check Pods Manifest.lock";
			outputPaths = (
			);
			runOnlyForDeploymentPostprocessing = 0;
			shellPath = /bin/sh;
			shellScript = "diff \"${PODS_ROOT}/../Podfile.lock\" \"${PODS_ROOT}/Manifest.lock\" > /dev/null\nif [ $? != 0 ] ; then\n    # print error to STDERR\n    echo \"error: The sandbox is not in sync with the Podfile.lock. Run 'pod install' or update your CocoaPods installation.\" >&2\n    exit 1\nfi\n";
			showEnvVarsInLog = 0;
		};
/* End PBXShellScriptBuildPhase section */

/* Begin PBXSourcesBuildPhase section */
		8CC34B0B1EB3CEE600C4A78B /* Sources */ = {
			isa = PBXSourcesBuildPhase;
			buildActionMask = 2147483647;
			files = (
				8CC34B291EB3D8D600C4A78B /* MovieCell.swift in Sources */,
				8CC34B2D1EB3F38400C4A78B /* MovieDetailVC.swift in Sources */,
				8CC34B151EB3CEE600C4A78B /* SearchVC.swift in Sources */,
				8CC5E3201EB530B00073E5F1 /* MovieDetail.swift in Sources */,
				8CC34B2B1EB3D93800C4A78B /* Movie.swift in Sources */,
				8CC34B131EB3CEE600C4A78B /* AppDelegate.swift in Sources */,
			);
			runOnlyForDeploymentPostprocessing = 0;
		};
/* End PBXSourcesBuildPhase section */

/* Begin PBXVariantGroup section */
		8CC34B161EB3CEE600C4A78B /* Main.storyboard */ = {
			isa = PBXVariantGroup;
			children = (
				8CC34B171EB3CEE600C4A78B /* Base */,
			);
			name = Main.storyboard;
			sourceTree = "<group>";
		};
		8CC34B1B1EB3CEE600C4A78B /* LaunchScreen.storyboard */ = {
			isa = PBXVariantGroup;
			children = (
				8CC34B1C1EB3CEE600C4A78B /* Base */,
			);
			name = LaunchScreen.storyboard;
			sourceTree = "<group>";
		};
/* End PBXVariantGroup section */

/* Begin XCBuildConfiguration section */
		8CC34B1F1EB3CEE600C4A78B /* Debug */ = {
			isa = XCBuildConfiguration;
			buildSettings = {
				ALWAYS_SEARCH_USER_PATHS = NO;
				CLANG_ANALYZER_NONNULL = YES;
				CLANG_ANALYZER_NUMBER_OBJECT_CONVERSION = YES_AGGRESSIVE;
				CLANG_CXX_LANGUAGE_STANDARD = "gnu++0x";
				CLANG_CXX_LIBRARY = "libc++";
				CLANG_ENABLE_MODULES = YES;
				CLANG_ENABLE_OBJC_ARC = YES;
				CLANG_WARN_BOOL_CONVERSION = YES;
				CLANG_WARN_CONSTANT_CONVERSION = YES;
				CLANG_WARN_DIRECT_OBJC_ISA_USAGE = YES_ERROR;
				CLANG_WARN_DOCUMENTATION_COMMENTS = YES;
				CLANG_WARN_EMPTY_BODY = YES;
				CLANG_WARN_ENUM_CONVERSION = YES;
				CLANG_WARN_INFINITE_RECURSION = YES;
				CLANG_WARN_INT_CONVERSION = YES;
				CLANG_WARN_OBJC_ROOT_CLASS = YES_ERROR;
				CLANG_WARN_SUSPICIOUS_MOVE = YES;
				CLANG_WARN_UNREACHABLE_CODE = YES;
				CLANG_WARN__DUPLICATE_METHOD_MATCH = YES;
				"CODE_SIGN_IDENTITY[sdk=iphoneos*]" = "iPhone Developer";
				COPY_PHASE_STRIP = NO;
				DEBUG_INFORMATION_FORMAT = dwarf;
				ENABLE_STRICT_OBJC_MSGSEND = YES;
				ENABLE_TESTABILITY = YES;
				GCC_C_LANGUAGE_STANDARD = gnu99;
				GCC_DYNAMIC_NO_PIC = NO;
				GCC_NO_COMMON_BLOCKS = YES;
				GCC_OPTIMIZATION_LEVEL = 0;
				GCC_PREPROCESSOR_DEFINITIONS = (
					"DEBUG=1",
					"$(inherited)",
				);
				GCC_WARN_64_TO_32_BIT_CONVERSION = YES;
				GCC_WARN_ABOUT_RETURN_TYPE = YES_ERROR;
				GCC_WARN_UNDECLARED_SELECTOR = YES;
				GCC_WARN_UNINITIALIZED_AUTOS = YES_AGGRESSIVE;
				GCC_WARN_UNUSED_FUNCTION = YES;
				GCC_WARN_UNUSED_VARIABLE = YES;
				IPHONEOS_DEPLOYMENT_TARGET = 10.3;
				MTL_ENABLE_DEBUG_INFO = YES;
				ONLY_ACTIVE_ARCH = YES;
				SDKROOT = iphoneos;
				SWIFT_ACTIVE_COMPILATION_CONDITIONS = DEBUG;
				SWIFT_OPTIMIZATION_LEVEL = "-Onone";
				TARGETED_DEVICE_FAMILY = "1,2";
			};
			name = Debug;
		};
		8CC34B201EB3CEE600C4A78B /* Release */ = {
			isa = XCBuildConfiguration;
			buildSettings = {
				ALWAYS_SEARCH_USER_PATHS = NO;
				CLANG_ANALYZER_NONNULL = YES;
				CLANG_ANALYZER_NUMBER_OBJECT_CONVERSION = YES_AGGRESSIVE;
				CLANG_CXX_LANGUAGE_STANDARD = "gnu++0x";
				CLANG_CXX_LIBRARY = "libc++";
				CLANG_ENABLE_MODULES = YES;
				CLANG_ENABLE_OBJC_ARC = YES;
				CLANG_WARN_BOOL_CONVERSION = YES;
				CLANG_WARN_CONSTANT_CONVERSION = YES;
				CLANG_WARN_DIRECT_OBJC_ISA_USAGE = YES_ERROR;
				CLANG_WARN_DOCUMENTATION_COMMENTS = YES;
				CLANG_WARN_EMPTY_BODY = YES;
				CLANG_WARN_ENUM_CONVERSION = YES;
				CLANG_WARN_INFINITE_RECURSION = YES;
				CLANG_WARN_INT_CONVERSION = YES;
				CLANG_WARN_OBJC_ROOT_CLASS = YES_ERROR;
				CLANG_WARN_SUSPICIOUS_MOVE = YES;
				CLANG_WARN_UNREACHABLE_CODE = YES;
				CLANG_WARN__DUPLICATE_METHOD_MATCH = YES;
				"CODE_SIGN_IDENTITY[sdk=iphoneos*]" = "iPhone Developer";
				COPY_PHASE_STRIP = NO;
				DEBUG_INFORMATION_FORMAT = "dwarf-with-dsym";
				ENABLE_NS_ASSERTIONS = NO;
				ENABLE_STRICT_OBJC_MSGSEND = YES;
				GCC_C_LANGUAGE_STANDARD = gnu99;
				GCC_NO_COMMON_BLOCKS = YES;
				GCC_WARN_64_TO_32_BIT_CONVERSION = YES;
				GCC_WARN_ABOUT_RETURN_TYPE = YES_ERROR;
				GCC_WARN_UNDECLARED_SELECTOR = YES;
				GCC_WARN_UNINITIALIZED_AUTOS = YES_AGGRESSIVE;
				GCC_WARN_UNUSED_FUNCTION = YES;
				GCC_WARN_UNUSED_VARIABLE = YES;
				IPHONEOS_DEPLOYMENT_TARGET = 10.3;
				MTL_ENABLE_DEBUG_INFO = NO;
				SDKROOT = iphoneos;
				SWIFT_OPTIMIZATION_LEVEL = "-Owholemodule";
				TARGETED_DEVICE_FAMILY = "1,2";
				VALIDATE_PRODUCT = YES;
			};
			name = Release;
		};
		8CC34B221EB3CEE600C4A78B /* Debug */ = {
			isa = XCBuildConfiguration;
			baseConfigurationReference = DB31B5E2117A951D817A6E46 /* Pods-MovieApp.debug.xcconfig */;
			buildSettings = {
				ASSETCATALOG_COMPILER_APPICON_NAME = AppIcon;
				DEVELOPMENT_TEAM = 94EUZPM3TC;
				INFOPLIST_FILE = MovieApp/Info.plist;
				LD_RUNPATH_SEARCH_PATHS = "$(inherited) @executable_path/Frameworks";
				PRODUCT_BUNDLE_IDENTIFIER = com.simonzhen.MovieApp;
				PRODUCT_NAME = "$(TARGET_NAME)";
				SWIFT_VERSION = 3.0;
			};
			name = Debug;
		};
		8CC34B231EB3CEE600C4A78B /* Release */ = {
			isa = XCBuildConfiguration;
			baseConfigurationReference = 222296CA94B9F43656B672DD /* Pods-MovieApp.release.xcconfig */;
			buildSettings = {
				ASSETCATALOG_COMPILER_APPICON_NAME = AppIcon;
				DEVELOPMENT_TEAM = 94EUZPM3TC;
				INFOPLIST_FILE = MovieApp/Info.plist;
				LD_RUNPATH_SEARCH_PATHS = "$(inherited) @executable_path/Frameworks";
				PRODUCT_BUNDLE_IDENTIFIER = com.simonzhen.MovieApp;
				PRODUCT_NAME = "$(TARGET_NAME)";
				SWIFT_VERSION = 3.0;
			};
			name = Release;
		};
/* End XCBuildConfiguration section */

/* Begin XCConfigurationList section */
		8CC34B0A1EB3CEE600C4A78B /* Build configuration list for PBXProject "MovieApp" */ = {
			isa = XCConfigurationList;
			buildConfigurations = (
				8CC34B1F1EB3CEE600C4A78B /* Debug */,
				8CC34B201EB3CEE600C4A78B /* Release */,
			);
			defaultConfigurationIsVisible = 0;
			defaultConfigurationName = Release;
		};
		8CC34B211EB3CEE600C4A78B /* Build configuration list for PBXNativeTarget "MovieApp" */ = {
			isa = XCConfigurationList;
			buildConfigurations = (
				8CC34B221EB3CEE600C4A78B /* Debug */,
				8CC34B231EB3CEE600C4A78B /* Release */,
			);
			defaultConfigurationIsVisible = 0;
			defaultConfigurationName = Release;
		};
/* End XCConfigurationList section */
	};
	rootObject = 8CC34B071EB3CEE600C4A78B /* Project object */;
}
